{
	"name": "n2o-framework",
	"version": "7.6.0-SNAPSHOT",
	"lockfileVersion": 1,
	"requires": true,
	"dependencies": {
		"@babel/runtime": {
			"version": "7.9.2",
			"resolved": "https://npm.i-novus.ru/@babel%2fruntime/-/runtime-7.9.2.tgz",
			"integrity": "sha512-NE2DtOdufG7R5vnfQUTehdTfNycfUANEtCa9PssN9O/xmTzP4E08UI797ixaei6hBEVL9BI/PsdJS5x7mWoB9Q==",
			"requires": {
				"regenerator-runtime": "^0.13.4"
			}
		},
		"@popperjs/core": {
			"version": "2.2.1",
			"resolved": "https://npm.i-novus.ru/@popperjs%2fcore/-/core-2.2.1.tgz",
			"integrity": "sha512-BChdj3idQiLi+7vPhE6gEDiPzpozvSrUqbSMoSTlRbOQkU0p6u4si0UBydegTyphsYSZC2AUHGYYICP0gqmEVg=="
		},
		"@redux-saga/core": {
			"version": "1.1.3",
			"resolved": "https://npm.i-novus.ru/@redux-saga%2fcore/-/core-1.1.3.tgz",
			"integrity": "sha512-8tInBftak8TPzE6X13ABmEtRJGjtK17w7VUs7qV17S8hCO5S3+aUTWZ/DBsBJPdE8Z5jOPwYALyvofgq1Ws+kg==",
			"requires": {
				"@babel/runtime": "^7.6.3",
				"@redux-saga/deferred": "^1.1.2",
				"@redux-saga/delay-p": "^1.1.2",
				"@redux-saga/is": "^1.1.2",
				"@redux-saga/symbols": "^1.1.2",
				"@redux-saga/types": "^1.1.0",
				"redux": "^4.0.4",
				"typescript-tuple": "^2.2.1"
			},
			"dependencies": {
				"redux": {
					"version": "4.0.5",
					"resolved": "https://npm.i-novus.ru/redux/-/redux-4.0.5.tgz",
					"integrity": "sha512-VSz1uMAH24DM6MF72vcojpYPtrTUu3ByVWfPL1nPfVRb5mZVTve5GnNCUV53QM/BZ66xfWrm0CTWoM+Xlz8V1w==",
					"requires": {
						"loose-envify": "^1.4.0",
						"symbol-observable": "^1.2.0"
					}
				}
			}
		},
		"@redux-saga/deferred": {
			"version": "1.1.2",
			"resolved": "https://npm.i-novus.ru/@redux-saga%2fdeferred/-/deferred-1.1.2.tgz",
			"integrity": "sha512-908rDLHFN2UUzt2jb4uOzj6afpjgJe3MjICaUNO3bvkV/kN/cNeI9PMr8BsFXB/MR8WTAZQq/PlTq8Kww3TBSQ=="
		},
		"@redux-saga/delay-p": {
			"version": "1.1.2",
			"resolved": "https://npm.i-novus.ru/@redux-saga%2fdelay-p/-/delay-p-1.1.2.tgz",
			"integrity": "sha512-ojc+1IoC6OP65Ts5+ZHbEYdrohmIw1j9P7HS9MOJezqMYtCDgpkoqB5enAAZrNtnbSL6gVCWPHaoaTY5KeO0/g==",
			"requires": {
				"@redux-saga/symbols": "^1.1.2"
			}
		},
		"@redux-saga/is": {
			"version": "1.1.2",
			"resolved": "https://npm.i-novus.ru/@redux-saga%2fis/-/is-1.1.2.tgz",
			"integrity": "sha512-OLbunKVsCVNTKEf2cH4TYyNbbPgvmZ52iaxBD4I1fTif4+MTXMa4/Z07L83zW/hTCXwpSZvXogqMqLfex2Tg6w==",
			"requires": {
				"@redux-saga/symbols": "^1.1.2",
				"@redux-saga/types": "^1.1.0"
			}
		},
		"@redux-saga/symbols": {
			"version": "1.1.2",
			"resolved": "https://npm.i-novus.ru/@redux-saga%2fsymbols/-/symbols-1.1.2.tgz",
			"integrity": "sha512-EfdGnF423glv3uMwLsGAtE6bg+R9MdqlHEzExnfagXPrIiuxwr3bdiAwz3gi+PsrQ3yBlaBpfGLtDG8rf3LgQQ=="
		},
		"@redux-saga/types": {
			"version": "1.1.0",
			"resolved": "https://npm.i-novus.ru/@redux-saga%2ftypes/-/types-1.1.0.tgz",
			"integrity": "sha512-afmTuJrylUU/0OtqzaRkbyYFFNgCF73Bvel/sw90pvGrWIZ+vyoIJqA6eMSoA6+nb443kTmulmBtC9NerXboNg=="
		},
		"ajv": {
			"version": "6.12.0",
			"resolved": "https://npm.i-novus.ru/ajv/-/ajv-6.12.0.tgz",
			"integrity": "sha512-D6gFiFA0RRLyUbvijN74DWAjXSFxWKaWP7mldxkVhyhAV3+SWA9HEJPHQ2c9soIeTFJqcSdFDGFgdqs1iUU2Hw==",
			"dev": true,
			"requires": {
				"fast-deep-equal": "^3.1.1",
				"fast-json-stable-stringify": "^2.0.0",
				"json-schema-traverse": "^0.4.1",
				"uri-js": "^4.2.2"
			}
		},
		"ajv-keywords": {
			"version": "3.4.1",
			"resolved": "https://npm.i-novus.ru/ajv-keywords/-/ajv-keywords-3.4.1.tgz",
			"integrity": "sha512-RO1ibKvd27e6FEShVFfPALuHI3WjSVNeK5FIsmme/LYRNxjKuNj+Dt7bucLa6NdSv3JcVTyMlm9kGR84z1XpaQ==",
			"dev": true
		},
		"array-filter": {
			"version": "1.0.0",
			"resolved": "https://npm.i-novus.ru/array-filter/-/array-filter-1.0.0.tgz",
			"integrity": "sha1-uveeYubvTCpMC4MSMtr/7CUfnYM="
		},
		"asap": {
			"version": "2.0.6",
			"resolved": "https://npm.i-novus.ru/asap/-/asap-2.0.6.tgz",
			"integrity": "sha1-5QNHYR1+aQlDIIu9r+vLwvuGbUY="
		},
		"available-typed-arrays": {
			"version": "1.0.2",
			"resolved": "https://npm.i-novus.ru/available-typed-arrays/-/available-typed-arrays-1.0.2.tgz",
			"integrity": "sha512-XWX3OX8Onv97LMk/ftVyBibpGwY5a8SmuxZPzeOxqmuEqUCOM9ZE+uIaD1VNJ5QnvU2UQusvmKbuM1FR8QWGfQ==",
			"requires": {
				"array-filter": "^1.0.0"
			}
		},
		"big.js": {
			"version": "5.2.2",
			"resolved": "https://npm.i-novus.ru/big.js/-/big.js-5.2.2.tgz",
			"integrity": "sha512-vyL2OymJxmarO8gxMr0mhChsO9QGwhynfuu4+MHTAW6czfq9humCB7rKpUjDd9YUiDPU4mzpyupFSvOClAwbmQ==",
			"dev": true
		},
		"classnames": {
			"version": "2.2.5"
		},
		"connect-history-api-fallback": {
			"version": "1.3.0"
		},
		"connected-react-router": {
			"version": "5.0.1",
			"requires": {
				"immutable": "^3.8.1",
				"seamless-immutable": "^7.1.3"
			}
		},
		"deep-equal": {
			"version": "2.0.2",
			"resolved": "https://npm.i-novus.ru/deep-equal/-/deep-equal-2.0.2.tgz",
			"integrity": "sha512-kX0bjV7tdMuhrhzKPEnVwqfQCuf+IEfN+4Xqv4eKd75xGRyn8yzdQ9ujPY6a221rgJKyQC4KBu1PibDTpa6m9w==",
			"requires": {
				"es-abstract": "^1.17.5",
				"es-get-iterator": "^1.1.0",
				"is-arguments": "^1.0.4",
				"is-date-object": "^1.0.2",
				"is-regex": "^1.0.5",
				"isarray": "^2.0.5",
				"object-is": "^1.0.2",
				"object-keys": "^1.1.1",
				"regexp.prototype.flags": "^1.3.0",
				"side-channel": "^1.0.2",
				"which-boxed-primitive": "^1.0.1",
				"which-collection": "^1.0.1",
				"which-typed-array": "^1.1.1"
			}
		},
		"define-properties": {
			"version": "1.1.3",
			"resolved": "https://npm.i-novus.ru/define-properties/-/define-properties-1.1.3.tgz",
			"integrity": "sha512-3MqfYKj2lLzdMSf8ZIZE/V+Zuy+BgD6f164e8K2w7dgnpKArBDerGYpM46IYYcjnkdPNMjPk9A6VFB8+3SKlXQ==",
			"requires": {
				"object-keys": "^1.0.12"
			}
		},
		"dom-walk": {
			"version": "0.1.2",
			"resolved": "https://npm.i-novus.ru/dom-walk/-/dom-walk-0.1.2.tgz",
			"integrity": "sha512-6QvTW9mrGeIegrFXdtQi9pk7O/nSK6lSdXW2eqUspN5LWD7UTji2Fqw5V2YLjBpHEoU9Xl/eUWNpDeZvoyOv2w=="
		},
		"draft-js": {
			"version": "0.10.5",
			"requires": {
				"fbjs": "^0.8.15",
				"immutable": "~3.7.4",
				"object-assign": "^4.1.0"
			},
			"dependencies": {
				"immutable": {
					"version": "3.7.6",
					"resolved": "https://npm.i-novus.ru/immutable/-/immutable-3.7.6.tgz",
					"integrity": "sha1-E7TTyxK++hVIKib+Gy665kAHHks="
				}
			}
		},
		"draftjs-utils": {
			"version": "0.9.4",
			"resolved": "https://npm.i-novus.ru/draftjs-utils/-/draftjs-utils-0.9.4.tgz",
			"integrity": "sha512-KYjABSbGpJrwrwmxVj5UhfV37MF/p0QRxKIyL+/+QOaJ8J9z1FBKxkblThbpR0nJi9lxPQWGg+gh+v0dAsSCCg=="
		},
		"emojis-list": {
			"version": "3.0.0",
			"resolved": "https://npm.i-novus.ru/emojis-list/-/emojis-list-3.0.0.tgz",
			"integrity": "sha512-/kyM18EfinwXZbno9FyUGeFh87KC8HRQBQGildHZbEuRyWFOmv1U10o9BBp8XVZDVNNuQKyIGIu5ZYAAXJ0V2Q==",
			"dev": true
		},
		"encoding": {
			"version": "0.1.12",
			"resolved": "https://npm.i-novus.ru/encoding/-/encoding-0.1.12.tgz",
			"integrity": "sha1-U4tm8+5izRq1HsMjgp0flIDHS+s=",
			"requires": {
				"iconv-lite": "~0.4.13"
			}
		},
		"es-abstract": {
			"version": "1.17.5",
			"resolved": "https://npm.i-novus.ru/es-abstract/-/es-abstract-1.17.5.tgz",
			"integrity": "sha512-BR9auzDbySxOcfog0tLECW8l28eRGpDpU3Dm3Hp4q/N+VtLTmyj4EUN088XZWQDW/hzj6sYRDXeOFsaAODKvpg==",
			"requires": {
				"es-to-primitive": "^1.2.1",
				"function-bind": "^1.1.1",
				"has": "^1.0.3",
				"has-symbols": "^1.0.1",
				"is-callable": "^1.1.5",
				"is-regex": "^1.0.5",
				"object-inspect": "^1.7.0",
				"object-keys": "^1.1.1",
				"object.assign": "^4.1.0",
				"string.prototype.trimleft": "^2.1.1",
				"string.prototype.trimright": "^2.1.1"
			}
		},
		"es-get-iterator": {
			"version": "1.1.0",
			"resolved": "https://npm.i-novus.ru/es-get-iterator/-/es-get-iterator-1.1.0.tgz",
			"integrity": "sha512-UfrmHuWQlNMTs35e1ypnvikg6jCz3SK8v8ImvmDsh36fCVUR1MqoFDiyn0/k52C8NqO3YsO8Oe0azeesNuqSsQ==",
			"requires": {
				"es-abstract": "^1.17.4",
				"has-symbols": "^1.0.1",
				"is-arguments": "^1.0.4",
				"is-map": "^2.0.1",
				"is-set": "^2.0.1",
				"is-string": "^1.0.5",
				"isarray": "^2.0.5"
			}
		},
		"es-to-primitive": {
			"version": "1.2.1",
			"resolved": "https://npm.i-novus.ru/es-to-primitive/-/es-to-primitive-1.2.1.tgz",
			"integrity": "sha512-QCOllgZJtaUo9miYBcLChTUaHNjJF3PYs1VidD7AwiEj1kYxKeQTctLAezAOH5ZKRH0g2IgPn6KwB4IT8iRpvA==",
			"requires": {
				"is-callable": "^1.1.4",
				"is-date-object": "^1.0.1",
				"is-symbol": "^1.0.2"
			}
		},
		"eslint-plugin-flowtype": {
			"version": "3.13.0",
			"dev": true,
			"requires": {
				"lodash": "^4.17.15"
			},
			"dependencies": {
				"lodash": {
					"version": "4.17.15",
					"resolved": "https://npm.i-novus.ru/lodash/-/lodash-4.17.15.tgz",
					"integrity": "sha512-8xOcRHvCjnocdS5cpwXQXVzmmh5e5+saE2QGoeQmbKmRS6J3VQppPOIt0MnmE+4xlZoumy0GPG0D0MVIQbNA1A==",
					"dev": true
				}
			}
		},
		"fast-deep-equal": {
			"version": "3.1.1",
			"resolved": "https://npm.i-novus.ru/fast-deep-equal/-/fast-deep-equal-3.1.1.tgz",
			"integrity": "sha512-8UEa58QDLauDNfpbrX55Q9jrGHThw2ZMdOky5Gl1CDtVeJDPVrG4Jxx1N8jw2gkWaff5UUuX1KJd+9zGe2B+ZA==",
			"dev": true
		},
		"fast-json-stable-stringify": {
			"version": "2.1.0",
			"resolved": "https://npm.i-novus.ru/fast-json-stable-stringify/-/fast-json-stable-stringify-2.1.0.tgz",
			"integrity": "sha512-lhd/wF+Lk98HZoTCtlVraHtfh5XYijIjalXck7saUtuanSDyLMxnHhSXEDJqHxD7msR8D0uCmqlkwjCV8xvwHw==",
			"dev": true
		},
		"fbjs": {
			"version": "0.8.17",
			"resolved": "https://npm.i-novus.ru/fbjs/-/fbjs-0.8.17.tgz",
			"integrity": "sha1-xNWY6taUkRJlPWWIsBpc3Nn5D90=",
			"requires": {
				"core-js": "^1.0.0",
				"isomorphic-fetch": "^2.1.1",
				"loose-envify": "^1.0.0",
				"object-assign": "^4.1.0",
				"promise": "^7.1.1",
				"setimmediate": "^1.0.5",
				"ua-parser-js": "^0.7.18"
			},
			"dependencies": {
				"core-js": {
					"version": "1.2.7",
					"resolved": "https://npm.i-novus.ru/core-js/-/core-js-1.2.7.tgz",
					"integrity": "sha1-ZSKUwUZR2yj6k70tX/KYOk8IxjY="
				}
			}
		},
		"foreach": {
			"version": "2.0.5",
			"resolved": "https://npm.i-novus.ru/foreach/-/foreach-2.0.5.tgz",
			"integrity": "sha1-C+4AUBiusmDQo6865ljdATbsG5k="
		},
		"function-bind": {
			"version": "1.1.1",
			"resolved": "https://npm.i-novus.ru/function-bind/-/function-bind-1.1.1.tgz",
			"integrity": "sha512-yIovAzMX49sF8Yl58fSCWJ5svSLuaibPxXQJFLmBObTuCr0Mf1KiPopGM9NiFjiYBCbfaa2Fh6breQ6ANVTI0A=="
		},
		"global": {
			"version": "4.3.2",
			"requires": {
				"min-document": "^2.19.0",
				"process": "~0.5.1"
			}
		},
		"has": {
			"version": "1.0.3",
			"resolved": "https://npm.i-novus.ru/has/-/has-1.0.3.tgz",
			"integrity": "sha512-f2dvO0VU6Oej7RkWJGrehjbzMAjFp5/VKPp5tTpWIV4JHHZK1/BxbFRtf/siA2SWTe09caDmVtYYzWEIbBS4zw==",
			"requires": {
				"function-bind": "^1.1.1"
			}
		},
		"has-symbols": {
			"version": "1.0.1",
			"resolved": "https://npm.i-novus.ru/has-symbols/-/has-symbols-1.0.1.tgz",
			"integrity": "sha512-PLcsoqu++dmEIZB+6totNFKq/7Do+Z0u4oT0zKOJNl3lYK6vGwwu2hjHs+68OEZbTjiUE9bgOABXbP/GvrS0Kg=="
		},
		"history": {
			"version": "4.6.1",
			"requires": {
				"invariant": "^2.2.1",
				"loose-envify": "^1.2.0",
				"resolve-pathname": "^2.0.0",
				"value-equal": "^0.2.0",
				"warning": "^3.0.0"
			},
			"dependencies": {
				"invariant": {
					"version": "2.2.4",
					"resolved": "https://npm.i-novus.ru/invariant/-/invariant-2.2.4.tgz",
					"integrity": "sha512-phJfQVBuaJM5raOpJjSfkiD6BpbCE4Ns//LaXl6wGYtUBY83nWS6Rf9tXm2e8VaK60JEjYldbPif/A2B1C2gNA==",
					"requires": {
						"loose-envify": "^1.0.0"
					}
				}
			}
		},
		"hoist-non-react-statics": {
			"version": "2.5.5",
			"resolved": "https://npm.i-novus.ru/hoist-non-react-statics/-/hoist-non-react-statics-2.5.5.tgz",
			"integrity": "sha512-rqcy4pJo55FTTLWt+bU8ukscqHeE/e9KWvsOW2b/a3afxQZhwkQdT1rPPCJ0rYXdj4vNcasY8zHTH+jF/qStxw=="
		},
		"html-to-draftjs": {
			"version": "1.4.0"
		},
		"iconv-lite": {
			"version": "0.4.24",
			"resolved": "https://npm.i-novus.ru/iconv-lite/-/iconv-lite-0.4.24.tgz",
			"integrity": "sha512-v3MXnZAcvnywkTUEZomIActle7RXXeedOR31wwl7VlyoXO4Qi9arvSenNQWne1TcRwhCL1HwLI21bEqdpj8/rA==",
			"requires": {
				"safer-buffer": ">= 2.1.2 < 3"
			}
		},
		"immutable": {
			"version": "3.8.2",
			"resolved": "https://npm.i-novus.ru/immutable/-/immutable-3.8.2.tgz",
			"integrity": "sha1-wkOZUUVbs5kT2vKBN28VMOEErfM="
		},
		"intl-format-cache": {
			"version": "2.2.9",
			"resolved": "https://npm.i-novus.ru/intl-format-cache/-/intl-format-cache-2.2.9.tgz",
			"integrity": "sha512-Zv/u8wRpekckv0cLkwpVdABYST4hZNTDaX7reFetrYTJwxExR2VyTqQm+l0WmL0Qo8Mjb9Tf33qnfj0T7pjxdQ=="
		},
		"intl-messageformat": {
			"version": "2.2.0",
			"resolved": "https://npm.i-novus.ru/intl-messageformat/-/intl-messageformat-2.2.0.tgz",
			"integrity": "sha1-NFvNRt5jC3aDMwwuUhd/9eq0hPw=",
			"requires": {
				"intl-messageformat-parser": "1.4.0"
			}
		},
		"intl-messageformat-parser": {
			"version": "1.4.0",
			"resolved": "https://npm.i-novus.ru/intl-messageformat-parser/-/intl-messageformat-parser-1.4.0.tgz",
			"integrity": "sha1-tD1FqXRoytvkQzHXS7Ho3qRPwHU="
		},
		"intl-relativeformat": {
			"version": "2.2.0",
			"resolved": "https://npm.i-novus.ru/intl-relativeformat/-/intl-relativeformat-2.2.0.tgz",
			"integrity": "sha512-4bV/7kSKaPEmu6ArxXf9xjv1ny74Zkwuey8Pm01NH4zggPP7JHwg2STk8Y3JdspCKRDriwIyLRfEXnj2ZLr4Bw==",
			"requires": {
				"intl-messageformat": "^2.0.0"
			}
		},
		"is-arguments": {
			"version": "1.0.4",
			"resolved": "https://npm.i-novus.ru/is-arguments/-/is-arguments-1.0.4.tgz",
			"integrity": "sha512-xPh0Rmt8NE65sNzvyUmWgI1tz3mKq74lGA0mL8LYZcoIzKOzDh6HmrYm3d18k60nHerC8A9Km8kYu87zfSFnLA=="
		},
		"is-bigint": {
			"version": "1.0.0",
			"resolved": "https://npm.i-novus.ru/is-bigint/-/is-bigint-1.0.0.tgz",
			"integrity": "sha512-t5mGUXC/xRheCK431ylNiSkGGpBp8bHENBcENTkDT6ppwPzEVxNGZRvgvmOEfbWkFhA7D2GEuE2mmQTr78sl2g=="
		},
		"is-boolean-object": {
			"version": "1.0.1",
			"resolved": "https://npm.i-novus.ru/is-boolean-object/-/is-boolean-object-1.0.1.tgz",
			"integrity": "sha512-TqZuVwa/sppcrhUCAYkGBk7w0yxfQQnxq28fjkO53tnK9FQXmdwz2JS5+GjsWQ6RByES1K40nI+yDic5c9/aAQ=="
		},
		"is-callable": {
			"version": "1.1.5",
			"resolved": "https://npm.i-novus.ru/is-callable/-/is-callable-1.1.5.tgz",
			"integrity": "sha512-ESKv5sMCJB2jnHTWZ3O5itG+O128Hsus4K4Qh1h2/cgn2vbgnLSVqfV46AeJA9D5EeeLa9w81KUXMtn34zhX+Q=="
		},
		"is-date-object": {
			"version": "1.0.2",
			"resolved": "https://npm.i-novus.ru/is-date-object/-/is-date-object-1.0.2.tgz",
			"integrity": "sha512-USlDT524woQ08aoZFzh3/Z6ch9Y/EWXEHQ/AaRN0SkKq4t2Jw2R2339tSXmwuVoY7LLlBCbOIlx2myP/L5zk0g=="
		},
		"is-map": {
			"version": "2.0.1",
			"resolved": "https://npm.i-novus.ru/is-map/-/is-map-2.0.1.tgz",
			"integrity": "sha512-T/S49scO8plUiAOA2DBTBG3JHpn1yiw0kRp6dgiZ0v2/6twi5eiB0rHtHFH9ZIrvlWc6+4O+m4zg5+Z833aXgw=="
		},
		"is-number-object": {
			"version": "1.0.4",
			"resolved": "https://npm.i-novus.ru/is-number-object/-/is-number-object-1.0.4.tgz",
			"integrity": "sha512-zohwelOAur+5uXtk8O3GPQ1eAcu4ZX3UwxQhUlfFFMNpUd83gXgjbhJh6HmB6LUNV/ieOLQuDwJO3dWJosUeMw=="
		},
		"is-regex": {
			"version": "1.0.5",
			"resolved": "https://npm.i-novus.ru/is-regex/-/is-regex-1.0.5.tgz",
			"integrity": "sha512-vlKW17SNq44owv5AQR3Cq0bQPEb8+kF3UKZ2fiZNOWtztYE5i0CzCZxFDwO58qAOWtxdBRVO/V5Qin1wjCqFYQ==",
			"requires": {
				"has": "^1.0.3"
			}
		},
		"is-set": {
			"version": "2.0.1",
			"resolved": "https://npm.i-novus.ru/is-set/-/is-set-2.0.1.tgz",
			"integrity": "sha512-eJEzOtVyenDs1TMzSQ3kU3K+E0GUS9sno+F0OBT97xsgcJsF9nXMBtkT9/kut5JEpM7oL7X/0qxR17K3mcwIAA=="
		},
		"is-stream": {
			"version": "1.1.0",
			"resolved": "https://npm.i-novus.ru/is-stream/-/is-stream-1.1.0.tgz",
			"integrity": "sha1-EtSj3U5o4Lec6428hBc66A2RykQ="
		},
		"is-string": {
			"version": "1.0.5",
			"resolved": "https://npm.i-novus.ru/is-string/-/is-string-1.0.5.tgz",
			"integrity": "sha512-buY6VNRjhQMiF1qWDouloZlQbRhDPCebwxSjxMjxgemYT46YMd2NR0/H+fBhEfWX4A/w9TBJ+ol+okqJKFE6vQ=="
		},
		"is-symbol": {
			"version": "1.0.3",
			"resolved": "https://npm.i-novus.ru/is-symbol/-/is-symbol-1.0.3.tgz",
			"integrity": "sha512-OwijhaRSgqvhm/0ZdAcXNZt9lYdKFpcRDT5ULUuYXPoT794UNOdU+gpT6Rzo7b4V2HUl/op6GqY894AZwv9faQ==",
			"requires": {
				"has-symbols": "^1.0.1"
			}
		},
		"is-typed-array": {
			"version": "1.1.3",
			"resolved": "https://npm.i-novus.ru/is-typed-array/-/is-typed-array-1.1.3.tgz",
			"integrity": "sha512-BSYUBOK/HJibQ30wWkWold5txYwMUXQct9YHAQJr8fSwvZoiglcqB0pd7vEN23+Tsi9IUEjztdOSzl4qLVYGTQ==",
			"requires": {
				"available-typed-arrays": "^1.0.0",
				"es-abstract": "^1.17.4",
				"foreach": "^2.0.5",
				"has-symbols": "^1.0.1"
			}
		},
		"is-weakmap": {
			"version": "2.0.1",
			"resolved": "https://npm.i-novus.ru/is-weakmap/-/is-weakmap-2.0.1.tgz",
			"integrity": "sha512-NSBR4kH5oVj1Uwvv970ruUkCV7O1mzgVFO4/rev2cLRda9Tm9HrL70ZPut4rOHgY0FNrUu9BCbXA2sdQ+x0chA=="
		},
		"is-weakset": {
			"version": "2.0.1",
			"resolved": "https://npm.i-novus.ru/is-weakset/-/is-weakset-2.0.1.tgz",
			"integrity": "sha512-pi4vhbhVHGLxohUw7PhGsueT4vRGFoXhP7+RGN0jKIv9+8PWYCQTqtADngrxOm2g46hoH0+g8uZZBzMrvVGDmw=="
		},
		"isarray": {
			"version": "2.0.5",
			"resolved": "https://npm.i-novus.ru/isarray/-/isarray-2.0.5.tgz",
			"integrity": "sha512-xHjhDr3cNBK0BzdUJSPXZntQUx/mwMS5Rw4A7lPJ90XGAO6ISP/ePDNuo0vhqOZU+UD5JoodwCAAoZQd3FeAKw=="
		},
		"isomorphic-fetch": {
			"version": "2.2.1",
			"resolved": "https://npm.i-novus.ru/isomorphic-fetch/-/isomorphic-fetch-2.2.1.tgz",
			"integrity": "sha1-YRrhrPFPXoH3KVB0coGf6XM1WKk=",
			"requires": {
				"node-fetch": "^1.0.1",
				"whatwg-fetch": ">=0.10.0"
			},
			"dependencies": {
				"whatwg-fetch": {
					"version": "2.0.3",
					"resolved": "https://npm.i-novus.ru/whatwg-fetch/-/whatwg-fetch-2.0.3.tgz",
					"integrity": "sha1-nITsLc9oGH/wC8ZOEnS0QhduHIQ="
				}
			}
		},
		"js-tokens": {
			"version": "4.0.0",
			"resolved": "https://npm.i-novus.ru/js-tokens/-/js-tokens-4.0.0.tgz",
			"integrity": "sha512-RdJUflcE3cUzKiMqQgsCu06FPu9UdIJO0beYbPhHN4k6apgJtifcoCtT9bcxOpYBtpD2kCM6Sbzg4CausW/PKQ=="
		},
		"json-schema-traverse": {
			"version": "0.4.1",
			"resolved": "https://npm.i-novus.ru/json-schema-traverse/-/json-schema-traverse-0.4.1.tgz",
			"integrity": "sha512-xbbCH5dCYU5T8LcEhhuh7HJ88HXuW3qsI3Y0zOZFKfZEHcpWiHU/Jxzk629Brsab/mMiHQti9wMP+845RPe3Vg==",
			"dev": true
		},
		"json5": {
			"version": "1.0.1",
			"resolved": "https://npm.i-novus.ru/json5/-/json5-1.0.1.tgz",
			"integrity": "sha512-aKS4WQjPenRxiQsC93MNfjx+nbF4PAdYzmd/1JIj8HYzqfbu86beTuNgXDzPknWk0n0uARlyewZo4s++ES36Ow==",
			"dev": true,
			"requires": {
				"minimist": "^1.2.0"
			}
		},
		"linkify-it": {
			"version": "2.2.0",
			"resolved": "https://npm.i-novus.ru/linkify-it/-/linkify-it-2.2.0.tgz",
			"integrity": "sha512-GnAl/knGn+i1U/wjBz3akz2stz+HrHLsxMwHQGofCDfPvlf+gDKN58UtfmUquTY4/MXeE2x7k19KQmeoZi94Iw==",
			"requires": {
				"uc.micro": "^1.0.1"
			}
		},
		"loader-utils": {
			"version": "1.4.0",
			"resolved": "https://npm.i-novus.ru/loader-utils/-/loader-utils-1.4.0.tgz",
			"integrity": "sha512-qH0WSMBtn/oHuwjy/NucEgbx5dbxxnxup9s4PVXJUDHZBQY+s0NWA9rJf53RBnQZxfch7euUui7hpoAPvALZdA==",
			"dev": true,
			"requires": {
				"big.js": "^5.2.2",
				"emojis-list": "^3.0.0",
				"json5": "^1.0.1"
			}
		},
		"loose-envify": {
			"version": "1.4.0",
			"resolved": "https://npm.i-novus.ru/loose-envify/-/loose-envify-1.4.0.tgz",
			"integrity": "sha512-lyuxPGr/Wfhrlem2CL/UcnUc1zcqKAImBDzukY7Y5F/yQiNdko6+fRLevlw1HgMySw7f611UIY408EtxRSoK3Q==",
			"requires": {
				"js-tokens": "^3.0.0 || ^4.0.0"
			}
		},
		"min-document": {
			"version": "2.19.0",
			"resolved": "https://npm.i-novus.ru/min-document/-/min-document-2.19.0.tgz",
			"integrity": "sha1-e9KC4/WELtKVu3SM3Z8f+iyCRoU=",
			"requires": {
				"dom-walk": "^0.1.0"
			}
		},
		"minimist": {
			"version": "1.2.5",
			"resolved": "https://npm.i-novus.ru/minimist/-/minimist-1.2.5.tgz",
			"integrity": "sha512-FM9nNUYrRBAELZQT3xeZQ7fmMOBg6nWNmJKTcgsJeaLstP/UODVpGsr5OhXhhXg6f+qtJ8uiZ+PUxkDWcgIXLw==",
			"dev": true
		},
		"moment": {
			"version": "2.20.1"
		},
		"node-fetch": {
			"version": "1.7.3",
			"resolved": "https://npm.i-novus.ru/node-fetch/-/node-fetch-1.7.3.tgz",
			"integrity": "sha512-NhZ4CsKx7cYm2vSrBAr2PvFOe6sWDf0UYLRqA6svUYg7+/TSfVAu49jYC4BvQ4Sms9SZgdqGBgroqfDhJdTyKQ==",
			"requires": {
				"encoding": "^0.1.11",
				"is-stream": "^1.0.1"
			}
		},
		"object-assign": {
			"version": "4.1.1",
			"resolved": "https://npm.i-novus.ru/object-assign/-/object-assign-4.1.1.tgz",
			"integrity": "sha1-IQmtx5ZYh8/AXLvUQsrIv7s2CGM="
		},
		"object-inspect": {
			"version": "1.7.0",
			"resolved": "https://npm.i-novus.ru/object-inspect/-/object-inspect-1.7.0.tgz",
			"integrity": "sha512-a7pEHdh1xKIAgTySUGgLMx/xwDZskN1Ud6egYYN3EdRW4ZMPNEDUTF+hwy2LUC+Bl+SyLXANnwz/jyh/qutKUw=="
		},
		"object-is": {
			"version": "1.0.2",
			"resolved": "https://npm.i-novus.ru/object-is/-/object-is-1.0.2.tgz",
			"integrity": "sha512-Epah+btZd5wrrfjkJZq1AOB9O6OxUQto45hzFd7lXGrpHPGE0W1k+426yrZV+k6NJOzLNNW/nVsmZdIWsAqoOQ=="
		},
		"object-keys": {
			"version": "1.1.1",
			"resolved": "https://npm.i-novus.ru/object-keys/-/object-keys-1.1.1.tgz",
			"integrity": "sha512-NuAESUOUMrlIXOfHKzD6bpPu3tYt3xvjNdRIQ+FeT0lNb4K8WR70CaDxhuNguS2XG+GjkyMwOzsN5ZktImfhLA=="
		},
		"object.assign": {
			"version": "4.1.0",
			"resolved": "https://npm.i-novus.ru/object.assign/-/object.assign-4.1.0.tgz",
			"integrity": "sha512-exHJeq6kBKj58mqGyTQ9DFvrZC/eR6OwxzoM9YRoGBqrXYonaFyGiFMuc9VZrXf7DarreEwMpurG3dd+CNyW5w==",
			"requires": {
				"define-properties": "^1.1.2",
				"function-bind": "^1.1.1",
				"has-symbols": "^1.0.0",
				"object-keys": "^1.0.11"
			}
		},
		"path-to-regexp": {
			"version": "2.2.1"
		},
		"process": {
			"version": "0.5.2",
			"resolved": "https://npm.i-novus.ru/process/-/process-0.5.2.tgz",
			"integrity": "sha1-FjjYqONML0QKkduVq5rrZ3/Bhc8="
		},
		"promise": {
			"version": "7.3.1",
			"resolved": "https://npm.i-novus.ru/promise/-/promise-7.3.1.tgz",
			"integrity": "sha512-nolQXZ/4L+bP/UGlkfaIujX9BKxGwmQ9OT4mOt5yvy8iK1h3wqTEJCijzGANTCCl9nWjY41juyAn2K3Q1hLLTg==",
			"requires": {
				"asap": "~2.0.3"
			}
		},
		"punycode": {
			"version": "2.1.1",
			"resolved": "https://npm.i-novus.ru/punycode/-/punycode-2.1.1.tgz",
			"integrity": "sha512-XRsRjdf+j5ml+y/6GKHPZbrF/8p2Yga0JPtdqTIY2Xe5ohJPD9saDJJLPvp9+NSBprVvevdXZybnj2cv8OEd0A==",
			"dev": true
		},
		"react-draft-wysiwyg": {
			"version": "1.13.1",
			"requires": {
				"classnames": "^2.2.5",
				"draftjs-utils": "^0.9.3",
				"html-to-draftjs": "^1.4.0",
				"linkify-it": "^2.0.3",
				"prop-types": "^15.6.0"
			},
			"dependencies": {
				"classnames": {
					"version": "2.2.6",
					"resolved": "https://npm.i-novus.ru/classnames/-/classnames-2.2.6.tgz",
					"integrity": "sha512-JR/iSQOSt+LQIWwrwEzJ9uk0xfN3mTVYMwt1Ir5mUcSN6pU+V4zQFFaJsclJbPuAUQH+yfWef6tm7l1quW3C8Q=="
				},
				"html-to-draftjs": {
					"version": "1.5.0",
					"resolved": "https://npm.i-novus.ru/html-to-draftjs/-/html-to-draftjs-1.5.0.tgz",
					"integrity": "sha512-kggLXBNciKDwKf+KYsuE+V5gw4dZ7nHyGMX9m0wy7urzWjKGWyNFetmArRLvRV0VrxKN70WylFsJvMTJx02OBQ=="
				},
				"prop-types": {
					"version": "15.7.2",
					"resolved": "https://npm.i-novus.ru/prop-types/-/prop-types-15.7.2.tgz",
					"integrity": "sha512-8QQikdH7//R2vurIJSutZ1smHYTcLpRWEOlHnzcWHmBYrOGUysKwSsrC89BCiFj3CbrfJ/nXFdJepOVrY1GCHQ==",
					"requires": {
						"loose-envify": "^1.4.0",
						"object-assign": "^4.1.1",
						"react-is": "^16.8.1"
					}
				}
			}
		},
		"react-intl": {
			"version": "2.8.0",
			"requires": {
				"hoist-non-react-statics": "^2.5.5",
				"intl-format-cache": "^2.0.5",
				"intl-messageformat": "^2.1.0",
				"intl-relativeformat": "^2.1.0",
				"invariant": "^2.1.1"
			},
			"dependencies": {
				"invariant": {
					"version": "2.2.4",
					"resolved": "https://npm.i-novus.ru/invariant/-/invariant-2.2.4.tgz",
					"integrity": "sha512-phJfQVBuaJM5raOpJjSfkiD6BpbCE4Ns//LaXl6wGYtUBY83nWS6Rf9tXm2e8VaK60JEjYldbPif/A2B1C2gNA==",
					"requires": {
						"loose-envify": "^1.0.0"
					}
				}
			}
		},
		"react-is": {
			"version": "16.13.1",
			"resolved": "https://npm.i-novus.ru/react-is/-/react-is-16.13.1.tgz",
			"integrity": "sha512-24e6ynE2H+OKt4kqsOvNd8kBpV65zoxbA4BVsEOB3ARVWQki/DHzaUoC5KuON/BiccDaCCTZBuOcfZs70kR8bQ=="
		},
		"react-popper": {
			"version": "2.1.0",
			"resolved": "https://npm.i-novus.ru/react-popper/-/react-popper-2.1.0.tgz",
			"integrity": "sha512-SCDXYyd0pA8yAzEck6IMEznYo3X2gGuPn9DvTC5cjcH5hfyrZHv0q6y39ittdU5Bk+akggepnAg61Fb6jGtIeg==",
			"requires": {
				"@babel/runtime": "^7.9.2",
				"deep-equal": "^2.0.1",
				"prop-types": "^15.6.1",
				"warning": "^4.0.2"
			},
			"dependencies": {
				"prop-types": {
					"version": "15.6.1",
					"resolved": "https://npm.i-novus.ru/prop-types/-/prop-types-15.6.1.tgz",
					"integrity": "sha512-4ec7bY1Y66LymSUOH/zARVYObB23AT2h8cf6e/O6ZALB/N0sqZFEx7rq6EYPX2MkOdKORuooI/H5k9TlR4q7kQ==",
					"requires": {
						"fbjs": "^0.8.16",
						"loose-envify": "^1.3.1",
						"object-assign": "^4.1.1"
					}
				},
				"warning": {
					"version": "4.0.3",
					"resolved": "https://npm.i-novus.ru/warning/-/warning-4.0.3.tgz",
					"integrity": "sha512-rpJyN222KWIvHJ/F53XSZv0Zl/accqHR8et1kpaMTD/fLCRxtV8iX8czMzY7sVZupTI3zcUTg8eycS2kNF9l6w==",
					"requires": {
						"loose-envify": "^1.0.0"
					}
				}
			}
		},
		"redux-saga": {
			"version": "1.1.3",
			"requires": {
				"@redux-saga/core": "^1.1.3"
			}
		},
		"regenerator-runtime": {
			"version": "0.13.5",
			"resolved": "https://npm.i-novus.ru/regenerator-runtime/-/regenerator-runtime-0.13.5.tgz",
			"integrity": "sha512-ZS5w8CpKFinUzOwW3c83oPeVXoNsrLsaCoLtJvAClH135j/R77RuymhiSErhm2lKcwSCIpmvIWSbDkIfAqKQlA=="
		},
		"regexp.prototype.flags": {
			"version": "1.3.0",
			"resolved": "https://npm.i-novus.ru/regexp.prototype.flags/-/regexp.prototype.flags-1.3.0.tgz",
			"integrity": "sha512-2+Q0C5g951OlYlJz6yu5/M33IcsESLlLfsyIaLJaG4FA2r4yP8MvVMJUUP/fVBkSpbbbZlS5gynbEWLipiiXiQ==",
			"requires": {
				"define-properties": "^1.1.3",
				"es-abstract": "^1.17.0-next.1"
			}
		},
		"resolve-pathname": {
			"version": "2.2.0",
			"resolved": "https://npm.i-novus.ru/resolve-pathname/-/resolve-pathname-2.2.0.tgz",
			"integrity": "sha512-bAFz9ld18RzJfddgrO2e/0S2O81710++chRMUxHjXOYKF6jTAMrUNZrEZ1PvV0zlhfjidm08iRPdTLPno1FuRg=="
		},
		"safer-buffer": {
			"version": "2.1.2",
			"resolved": "https://npm.i-novus.ru/safer-buffer/-/safer-buffer-2.1.2.tgz",
			"integrity": "sha512-YZo3K82SD7Riyi0E1EQPojLz7kpepnSQI9IyPbHHg1XXXevb5dJI7tpyN2ADxGcQbHG7vcyRHk0cbwqcQriUtg=="
		},
		"schema-utils": {
			"version": "0.4.7",
			"resolved": "https://npm.i-novus.ru/schema-utils/-/schema-utils-0.4.7.tgz",
			"integrity": "sha512-v/iwU6wvwGK8HbU9yi3/nhGzP0yGSuhQMzL6ySiec1FSrZZDkhm4noOSWzrNFo/jEc+SJY6jRTwuwbSXJPDUnQ==",
			"dev": true,
			"requires": {
				"ajv": "^6.1.0",
				"ajv-keywords": "^3.1.0"
			}
		},
		"seamless-immutable": {
			"version": "7.1.4",
			"resolved": "https://npm.i-novus.ru/seamless-immutable/-/seamless-immutable-7.1.4.tgz",
			"integrity": "sha512-XiUO1QP4ki4E2PHegiGAlu6r82o5A+6tRh7IkGGTVg/h+UoeX4nFBeCGPOhb4CYjvkqsfm/TUtvOMYC1xmV30A=="
		},
		"setimmediate": {
			"version": "1.0.5",
			"resolved": "https://npm.i-novus.ru/setimmediate/-/setimmediate-1.0.5.tgz",
			"integrity": "sha1-KQy7Iy4waULX1+qbg3Mqt4VvgoU="
		},
		"side-channel": {
			"version": "1.0.2",
			"resolved": "https://npm.i-novus.ru/side-channel/-/side-channel-1.0.2.tgz",
			"integrity": "sha512-7rL9YlPHg7Ancea1S96Pa8/QWb4BtXL/TZvS6B8XFetGBeuhAsfmUspK6DokBeZ64+Kj9TCNRD/30pVz1BvQNA==",
			"requires": {
				"es-abstract": "^1.17.0-next.1",
				"object-inspect": "^1.7.0"
			}
		},
		"string.prototype.trimend": {
			"version": "1.0.0",
			"resolved": "https://npm.i-novus.ru/string.prototype.trimend/-/string.prototype.trimend-1.0.0.tgz",
			"integrity": "sha512-EEJnGqa/xNfIg05SxiPSqRS7S9qwDhYts1TSLR1BQfYUfPe1stofgGKvwERK9+9yf+PpfBMlpBaCHucXGPQfUA==",
			"requires": {
				"define-properties": "^1.1.3",
				"es-abstract": "^1.17.5"
			}
		},
		"string.prototype.trimleft": {
			"version": "2.1.2",
			"resolved": "https://npm.i-novus.ru/string.prototype.trimleft/-/string.prototype.trimleft-2.1.2.tgz",
			"integrity": "sha512-gCA0tza1JBvqr3bfAIFJGqfdRTyPae82+KTnm3coDXkZN9wnuW3HjGgN386D7hfv5CHQYCI022/rJPVlqXyHSw==",
			"requires": {
				"define-properties": "^1.1.3",
				"es-abstract": "^1.17.5",
				"string.prototype.trimstart": "^1.0.0"
			}
		},
		"string.prototype.trimright": {
			"version": "2.1.2",
			"resolved": "https://npm.i-novus.ru/string.prototype.trimright/-/string.prototype.trimright-2.1.2.tgz",
			"integrity": "sha512-ZNRQ7sY3KroTaYjRS6EbNiiHrOkjihL9aQE/8gfQ4DtAC/aEBRHFJa44OmoWxGGqXuJlfKkZW4WcXErGr+9ZFg==",
			"requires": {
				"define-properties": "^1.1.3",
				"es-abstract": "^1.17.5",
				"string.prototype.trimend": "^1.0.0"
			}
		},
		"string.prototype.trimstart": {
			"version": "1.0.0",
			"resolved": "https://npm.i-novus.ru/string.prototype.trimstart/-/string.prototype.trimstart-1.0.0.tgz",
			"integrity": "sha512-iCP8g01NFYiiBOnwG1Xc3WZLyoo+RuBymwIlWncShXDDJYWN6DbnM3odslBJdgCdRlq94B5s63NWAZlcn2CS4w==",
			"requires": {
				"define-properties": "^1.1.3",
				"es-abstract": "^1.17.5"
			}
		},
		"style-loader": {
			"version": "0.20.3",
			"dev": true,
			"requires": {
				"loader-utils": "^1.1.0",
				"schema-utils": "^0.4.5"
			}
		},
		"symbol-observable": {
			"version": "1.2.0",
			"resolved": "https://npm.i-novus.ru/symbol-observable/-/symbol-observable-1.2.0.tgz",
			"integrity": "sha512-e900nM8RRtGhlV36KGEU9k65K3mPb1WV70OdjfxlG2EAuM1noi/E/BaW/uMhL7bPEssK8QV57vN3esixjUvcXQ=="
		},
		"typescript-compare": {
			"version": "0.0.2",
			"resolved": "https://npm.i-novus.ru/typescript-compare/-/typescript-compare-0.0.2.tgz",
			"integrity": "sha512-8ja4j7pMHkfLJQO2/8tut7ub+J3Lw2S3061eJLFQcvs3tsmJKp8KG5NtpLn7KcY2w08edF74BSVN7qJS0U6oHA==",
			"requires": {
				"typescript-logic": "^0.0.0"
			}
		},
		"typescript-logic": {
			"version": "0.0.0",
			"resolved": "https://npm.i-novus.ru/typescript-logic/-/typescript-logic-0.0.0.tgz",
			"integrity": "sha512-zXFars5LUkI3zP492ls0VskH3TtdeHCqu0i7/duGt60i5IGPIpAHE/DWo5FqJ6EjQ15YKXrt+AETjv60Dat34Q=="
		},
		"typescript-tuple": {
			"version": "2.2.1",
			"resolved": "https://npm.i-novus.ru/typescript-tuple/-/typescript-tuple-2.2.1.tgz",
			"integrity": "sha512-Zcr0lbt8z5ZdEzERHAMAniTiIKerFCMgd7yjq1fPnDJ43et/k9twIFQMUYff9k5oXcsQ0WpvFcgzK2ZKASoW6Q==",
			"requires": {
				"typescript-compare": "^0.0.2"
			}
		},
		"ua-parser-js": {
			"version": "0.7.21",
			"resolved": "https://npm.i-novus.ru/ua-parser-js/-/ua-parser-js-0.7.21.tgz",
			"integrity": "sha512-+O8/qh/Qj8CgC6eYBVBykMrNtp5Gebn4dlGD/kKXVkJNDwyrAwSIqwz8CDf+tsAIWVycKcku6gIXJ0qwx/ZXaQ=="
		},
		"uc.micro": {
			"version": "1.0.6",
			"resolved": "https://npm.i-novus.ru/uc.micro/-/uc.micro-1.0.6.tgz",
			"integrity": "sha512-8Y75pvTYkLJW2hWQHXxoqRgV7qb9B+9vFEtidML+7koHUFapnVJAZ6cKs+Qjz5Aw3aZWHMC6u0wJE3At+nSGwA=="
		},
		"uri-js": {
			"version": "4.2.2",
			"resolved": "https://npm.i-novus.ru/uri-js/-/uri-js-4.2.2.tgz",
			"integrity": "sha512-KY9Frmirql91X2Qgjry0Wd4Y+YTdrdZheS8TFwvkbLWf/G5KNJDCh6pKL5OZctEW4+0Baa5idK2ZQuELRwPznQ==",
			"dev": true,
			"requires": {
				"punycode": "^2.1.0"
			}
		},
		"value-equal": {
			"version": "0.2.1",
			"resolved": "https://npm.i-novus.ru/value-equal/-/value-equal-0.2.1.tgz",
			"integrity": "sha1-wiCjBDYfzmmU277ao8fhobiVhx0="
		},
		"warning": {
			"version": "3.0.0",
			"resolved": "https://npm.i-novus.ru/warning/-/warning-3.0.0.tgz",
			"integrity": "sha1-MuU3fLVy3kqwR1O9+IIcAe1gW3w=",
			"requires": {
				"loose-envify": "^1.0.0"
			}
		},
		"which-boxed-primitive": {
			"version": "1.0.1",
			"resolved": "https://npm.i-novus.ru/which-boxed-primitive/-/which-boxed-primitive-1.0.1.tgz",
			"integrity": "sha512-7BT4TwISdDGBgaemWU0N0OU7FeAEJ9Oo2P1PHRm/FCWoEi2VLWC9b6xvxAA3C/NMpxg3HXVgi0sMmGbNUbNepQ==",
			"requires": {
				"is-bigint": "^1.0.0",
				"is-boolean-object": "^1.0.0",
				"is-number-object": "^1.0.3",
				"is-string": "^1.0.4",
				"is-symbol": "^1.0.2"
			}
		},
		"which-collection": {
			"version": "1.0.1",
			"resolved": "https://npm.i-novus.ru/which-collection/-/which-collection-1.0.1.tgz",
			"integrity": "sha512-W8xeTUwaln8i3K/cY1nGXzdnVZlidBcagyNFtBdD5kxnb4TvGKR7FfSIS3mYpwWS1QUCutfKz8IY8RjftB0+1A==",
			"requires": {
				"is-map": "^2.0.1",
				"is-set": "^2.0.1",
				"is-weakmap": "^2.0.1",
				"is-weakset": "^2.0.1"
			}
		},
		"which-typed-array": {
			"version": "1.1.2",
			"resolved": "https://npm.i-novus.ru/which-typed-array/-/which-typed-array-1.1.2.tgz",
			"integrity": "sha512-KT6okrd1tE6JdZAy3o2VhMoYPh3+J6EMZLyrxBQsZflI1QCZIxMrIYLkosd8Twf+YfknVIHmYQPgJt238p8dnQ==",
			"requires": {
				"available-typed-arrays": "^1.0.2",
				"es-abstract": "^1.17.5",
				"foreach": "^2.0.5",
				"function-bind": "^1.1.1",
				"has-symbols": "^1.0.1",
				"is-typed-array": "^1.1.3"
			}
		}
	}
}
